PODS:
  - Alamofire (4.9.1)
  - Presentr (1.9)
  - SwiftyJSON (5.0.0)

DEPENDENCIES:
  - Alamofire
  - Presentr
  - SwiftyJSON

SPEC REPOS:
  https://github.com/cocoapods/specs.git:
    - Alamofire
    - Presentr
    - SwiftyJSON

SPEC CHECKSUMS:
  Alamofire: 85e8a02c69d6020a0d734f6054870d7ecb75cf18
  Presentr: 7078d7eb5d1661ebeaae60c9e42a1e534de1b993
  SwiftyJSON: 36413e04c44ee145039d332b4f4e2d3e8d6c4db7

PODFILE CHECKSUM: 2b2cf5be55a56df2aea457a5716e48cf9eaba4c3

COCOAPODS: 1.5.3
